
Microsoft Visual Studio Solution File, Format Version 12.00
# Visual Studio Version 16
VisualStudioVersion = 16.0.32901.82
MinimumVisualStudioVersion = 10.0.40219.1
Project("{FAE04EC0-301F-11D3-BF4B-00C04F79EFBC}") = "Music_App", "Music_App\Music_App.csproj", "{F872235C-7B09-4AB2-A6E5-F733329F2CCD}"
EndProject
Global
	GlobalSection(SolutionConfigurationPlatforms) = preSolution
		Debug|Any CPU = Debug|Any CPU
		Release|Any CPU = Release|Any CPU
	EndGlobalSection
	GlobalSection(ProjectConfigurationPlatforms) = postSolution
		{F872235C-7B09-4AB2-A6E5-F733329F2CCD}.Debug|Any CPU.ActiveCfg = Debug|Any CPU
		{F872235C-7B09-4AB2-A6E5-F733329F2CCD}.Debug|Any CPU.Build.0 = Debug|Any CPU
		{F872235C-7B09-4AB2-A6E5-F733329F2CCD}.Release|Any CPU.ActiveCfg = Release|Any CPU
		{F872235C-7B09-4AB2-A6E5-F733329F2CCD}.Release|Any CPU.Build.0 = Release|Any CPU
	EndGlobalSection
	GlobalSection(SolutionProperties) = preSolution
		HideSolutionNode = FALSE
	EndGlobalSection
	GlobalSection(ExtensibilityGlobals) = postSolution
		SolutionGuid = {4264A604-0180-44CE-98A6-98E7C4E0B6A0}
	EndGlobalSection
EndGlobal
